
Microsoft Visual Studio Solution File, Format Version 12.00
# Visual Studio Version 17
VisualStudioVersion = 17.7.34003.232
MinimumVisualStudioVersion = 10.0.40219.1
Project("{9A19103F-16F7-4668-BE54-9A1E7A4F7556}") = "CarBookingApp", "CarBookingApp\CarBookingApp.csproj", "{F55C4663-3B90-4BD4-8A4B-C6D593BA76B5}"
EndProject
Project("{FAE04EC0-301F-11D3-BF4B-00C04F79EFBC}") = "CarBookingAppData", "CarBookingAppData\CarBookingAppData.csproj", "{ADCB22AF-E55B-4F3C-9A3E-F9E388C41A26}"
EndProject
Global
	GlobalSection(SolutionConfigurationPlatforms) = preSolution
		Debug|Any CPU = Debug|Any CPU
		Release|Any CPU = Release|Any CPU
	EndGlobalSection
	GlobalSection(ProjectConfigurationPlatforms) = postSolution
		{F55C4663-3B90-4BD4-8A4B-C6D593BA76B5}.Debug|Any CPU.ActiveCfg = Debug|Any CPU
		{F55C4663-3B90-4BD4-8A4B-C6D593BA76B5}.Debug|Any CPU.Build.0 = Debug|Any CPU
		{F55C4663-3B90-4BD4-8A4B-C6D593BA76B5}.Release|Any CPU.ActiveCfg = Release|Any CPU
		{F55C4663-3B90-4BD4-8A4B-C6D593BA76B5}.Release|Any CPU.Build.0 = Release|Any CPU
		{ADCB22AF-E55B-4F3C-9A3E-F9E388C41A26}.Debug|Any CPU.ActiveCfg = Debug|Any CPU
		{ADCB22AF-E55B-4F3C-9A3E-F9E388C41A26}.Debug|Any CPU.Build.0 = Debug|Any CPU
		{ADCB22AF-E55B-4F3C-9A3E-F9E388C41A26}.Release|Any CPU.ActiveCfg = Release|Any CPU
		{ADCB22AF-E55B-4F3C-9A3E-F9E388C41A26}.Release|Any CPU.Build.0 = Release|Any CPU
	EndGlobalSection
	GlobalSection(SolutionProperties) = preSolution
		HideSolutionNode = FALSE
	EndGlobalSection
	GlobalSection(ExtensibilityGlobals) = postSolution
		SolutionGuid = {BF9FD42E-6589-4762-9D5B-75FC92781724}
	EndGlobalSection
EndGlobal
